
Microsoft Visual Studio Solution File, Format Version 12.00
# Visual Studio Version 16
VisualStudioVersion = 16.0.29519.161
MinimumVisualStudioVersion = 10.0.40219.1
Project("{9A19103F-16F7-4668-BE54-9A1E7A4F7556}") = "SoftJail", "SoftJail.csproj", "{CA0036D3-E8F4-4F42-8F02-6338B9F432FB}"
EndProject
Global
	GlobalSection(SolutionConfigurationPlatforms) = preSolution
		Debug|Any CPU = Debug|Any CPU
		Release|Any CPU = Release|Any CPU
	EndGlobalSection
	GlobalSection(ProjectConfigurationPlatforms) = postSolution
		{CA0036D3-E8F4-4F42-8F02-6338B9F432FB}.Debug|Any CPU.ActiveCfg = Debug|Any CPU
		{CA0036D3-E8F4-4F42-8F02-6338B9F432FB}.Debug|Any CPU.Build.0 = Debug|Any CPU
		{CA0036D3-E8F4-4F42-8F02-6338B9F432FB}.Release|Any CPU.ActiveCfg = Release|Any CPU
		{CA0036D3-E8F4-4F42-8F02-6338B9F432FB}.Release|Any CPU.Build.0 = Release|Any CPU
	EndGlobalSection
	GlobalSection(SolutionProperties) = preSolution
		HideSolutionNode = FALSE
	EndGlobalSection
	GlobalSection(ExtensibilityGlobals) = postSolution
		SolutionGuid = {AC23362A-4A82-4424-B56D-246BAF145DD6}
	EndGlobalSection
EndGlobal
