
Microsoft Visual Studio Solution File, Format Version 12.00
# Visual Studio Version 16
VisualStudioVersion = 16.0.29411.138
MinimumVisualStudioVersion = 10.0.40219.1
Project("{9A19103F-16F7-4668-BE54-9A1E7A4F7556}") = "P03_FootballBetting.Client", "P03_FootballBetting.Client.csproj", "{7F734F0A-A2FD-449E-A22D-424ABA225CA9}"
EndProject
Project("{9A19103F-16F7-4668-BE54-9A1E7A4F7556}") = "P03_FootballBetting.Data.Models", "..\P03_FootballBetting.Models\P03_FootballBetting.Data.Models.csproj", "{166CC5DA-45CA-4E12-B48B-762A9194F5A0}"
EndProject
Project("{9A19103F-16F7-4668-BE54-9A1E7A4F7556}") = "P03_FootballBetting.Data", "..\P03_FootballBetting.Data\P03_FootballBetting.Data.csproj", "{1204DED0-3EB5-420A-B7AD-5B4362D137D4}"
EndProject
Global
	GlobalSection(SolutionConfigurationPlatforms) = preSolution
		Debug|Any CPU = Debug|Any CPU
		Release|Any CPU = Release|Any CPU
	EndGlobalSection
	GlobalSection(ProjectConfigurationPlatforms) = postSolution
		{7F734F0A-A2FD-449E-A22D-424ABA225CA9}.Debug|Any CPU.ActiveCfg = Debug|Any CPU
		{7F734F0A-A2FD-449E-A22D-424ABA225CA9}.Debug|Any CPU.Build.0 = Debug|Any CPU
		{7F734F0A-A2FD-449E-A22D-424ABA225CA9}.Release|Any CPU.ActiveCfg = Release|Any CPU
		{7F734F0A-A2FD-449E-A22D-424ABA225CA9}.Release|Any CPU.Build.0 = Release|Any CPU
		{166CC5DA-45CA-4E12-B48B-762A9194F5A0}.Debug|Any CPU.ActiveCfg = Debug|Any CPU
		{166CC5DA-45CA-4E12-B48B-762A9194F5A0}.Debug|Any CPU.Build.0 = Debug|Any CPU
		{166CC5DA-45CA-4E12-B48B-762A9194F5A0}.Release|Any CPU.ActiveCfg = Release|Any CPU
		{166CC5DA-45CA-4E12-B48B-762A9194F5A0}.Release|Any CPU.Build.0 = Release|Any CPU
		{1204DED0-3EB5-420A-B7AD-5B4362D137D4}.Debug|Any CPU.ActiveCfg = Debug|Any CPU
		{1204DED0-3EB5-420A-B7AD-5B4362D137D4}.Debug|Any CPU.Build.0 = Debug|Any CPU
		{1204DED0-3EB5-420A-B7AD-5B4362D137D4}.Release|Any CPU.ActiveCfg = Release|Any CPU
		{1204DED0-3EB5-420A-B7AD-5B4362D137D4}.Release|Any CPU.Build.0 = Release|Any CPU
	EndGlobalSection
	GlobalSection(SolutionProperties) = preSolution
		HideSolutionNode = FALSE
	EndGlobalSection
	GlobalSection(ExtensibilityGlobals) = postSolution
		SolutionGuid = {0CFE593B-9D06-420D-BA23-0CD32D299ADE}
	EndGlobalSection
EndGlobal
