
Microsoft Visual Studio Solution File, Format Version 12.00
# Visual Studio Version 16
VisualStudioVersion = 16.0.29411.138
MinimumVisualStudioVersion = 10.0.40219.1
Project("{9A19103F-16F7-4668-BE54-9A1E7A4F7556}") = "P01_HospitalDatabase.Client", "P01_HospitalDatabase.Client.csproj", "{C29125A6-6C88-40B4-A9DC-5B340583AE1A}"
EndProject
Project("{FAE04EC0-301F-11D3-BF4B-00C04F79EFBC}") = "P01_HospitalDatabase.Data", "..\P01_HospitalDatabase.Data\P01_HospitalDatabase.Data.csproj", "{694D4F41-EE11-4428-A0D0-4296447081A0}"
EndProject
Project("{FAE04EC0-301F-11D3-BF4B-00C04F79EFBC}") = "P03_HospitalDatabase.Models", "..\P03_HospitalDatabase.Models\P03_HospitalDatabase.Models.csproj", "{42F8CE95-2354-4335-AABB-17187A46D0E3}"
EndProject
Global
	GlobalSection(SolutionConfigurationPlatforms) = preSolution
		Debug|Any CPU = Debug|Any CPU
		Release|Any CPU = Release|Any CPU
	EndGlobalSection
	GlobalSection(ProjectConfigurationPlatforms) = postSolution
		{C29125A6-6C88-40B4-A9DC-5B340583AE1A}.Debug|Any CPU.ActiveCfg = Debug|Any CPU
		{C29125A6-6C88-40B4-A9DC-5B340583AE1A}.Debug|Any CPU.Build.0 = Debug|Any CPU
		{C29125A6-6C88-40B4-A9DC-5B340583AE1A}.Release|Any CPU.ActiveCfg = Release|Any CPU
		{C29125A6-6C88-40B4-A9DC-5B340583AE1A}.Release|Any CPU.Build.0 = Release|Any CPU
		{694D4F41-EE11-4428-A0D0-4296447081A0}.Debug|Any CPU.ActiveCfg = Debug|Any CPU
		{694D4F41-EE11-4428-A0D0-4296447081A0}.Debug|Any CPU.Build.0 = Debug|Any CPU
		{694D4F41-EE11-4428-A0D0-4296447081A0}.Release|Any CPU.ActiveCfg = Release|Any CPU
		{694D4F41-EE11-4428-A0D0-4296447081A0}.Release|Any CPU.Build.0 = Release|Any CPU
		{42F8CE95-2354-4335-AABB-17187A46D0E3}.Debug|Any CPU.ActiveCfg = Debug|Any CPU
		{42F8CE95-2354-4335-AABB-17187A46D0E3}.Debug|Any CPU.Build.0 = Debug|Any CPU
		{42F8CE95-2354-4335-AABB-17187A46D0E3}.Release|Any CPU.ActiveCfg = Release|Any CPU
		{42F8CE95-2354-4335-AABB-17187A46D0E3}.Release|Any CPU.Build.0 = Release|Any CPU
	EndGlobalSection
	GlobalSection(SolutionProperties) = preSolution
		HideSolutionNode = FALSE
	EndGlobalSection
	GlobalSection(ExtensibilityGlobals) = postSolution
		SolutionGuid = {36487AA0-1157-4CAB-B806-5A318D9BC2A4}
	EndGlobalSection
EndGlobal
