
Microsoft Visual Studio Solution File, Format Version 12.00
# Visual Studio Version 16
VisualStudioVersion = 16.0.29411.138
MinimumVisualStudioVersion = 10.0.40219.1
Project("{FAE04EC0-301F-11D3-BF4B-00C04F79EFBC}") = "P01_StudentSystem", "P01_StudentSystem.csproj", "{B5DDC291-5CB1-4226-9895-1A44F9A8BF8E}"
EndProject
Global
	GlobalSection(SolutionConfigurationPlatforms) = preSolution
		Debug|Any CPU = Debug|Any CPU
		Release|Any CPU = Release|Any CPU
	EndGlobalSection
	GlobalSection(ProjectConfigurationPlatforms) = postSolution
		{B5DDC291-5CB1-4226-9895-1A44F9A8BF8E}.Debug|Any CPU.ActiveCfg = Debug|Any CPU
		{B5DDC291-5CB1-4226-9895-1A44F9A8BF8E}.Debug|Any CPU.Build.0 = Debug|Any CPU
		{B5DDC291-5CB1-4226-9895-1A44F9A8BF8E}.Release|Any CPU.ActiveCfg = Release|Any CPU
		{B5DDC291-5CB1-4226-9895-1A44F9A8BF8E}.Release|Any CPU.Build.0 = Release|Any CPU
	EndGlobalSection
	GlobalSection(SolutionProperties) = preSolution
		HideSolutionNode = FALSE
	EndGlobalSection
	GlobalSection(ExtensibilityGlobals) = postSolution
		SolutionGuid = {F7074CCB-8060-47DA-BE78-98575130AAD3}
	EndGlobalSection
EndGlobal
