
Microsoft Visual Studio Solution File, Format Version 12.00
# Visual Studio Version 16
VisualStudioVersion = 16.0.29430.225
MinimumVisualStudioVersion = 10.0.40219.1
Project("{FAE04EC0-301F-11D3-BF4B-00C04F79EFBC}") = "DesignPatterns-Exercise", "DesignPatterns-Exercise\DesignPatterns-Exercise.csproj", "{EDCD4E3F-ABFB-44C2-AFD1-F3CC75DA355F}"
EndProject
Global
	GlobalSection(SolutionConfigurationPlatforms) = preSolution
		Debug|Any CPU = Debug|Any CPU
		Release|Any CPU = Release|Any CPU
	EndGlobalSection
	GlobalSection(ProjectConfigurationPlatforms) = postSolution
		{EDCD4E3F-ABFB-44C2-AFD1-F3CC75DA355F}.Debug|Any CPU.ActiveCfg = Debug|Any CPU
		{EDCD4E3F-ABFB-44C2-AFD1-F3CC75DA355F}.Debug|Any CPU.Build.0 = Debug|Any CPU
		{EDCD4E3F-ABFB-44C2-AFD1-F3CC75DA355F}.Release|Any CPU.ActiveCfg = Release|Any CPU
		{EDCD4E3F-ABFB-44C2-AFD1-F3CC75DA355F}.Release|Any CPU.Build.0 = Release|Any CPU
	EndGlobalSection
	GlobalSection(SolutionProperties) = preSolution
		HideSolutionNode = FALSE
	EndGlobalSection
	GlobalSection(ExtensibilityGlobals) = postSolution
		SolutionGuid = {1E467790-A4D9-4D2B-918E-7AFDEE8B6BBE}
	EndGlobalSection
EndGlobal
